{
  "originHash" : "f5d59ea9d8ea6183f7225f7a45efeb6689b9f6463f05cc0c8ed9953b6064c8d8",
  "pins" : [
    {
      "identity" : "gifimage",
      "kind" : "localSourceControl",
      "location" : "/Users/igor/Developer/GIFImage",
      "state" : {
        "revision" : "a49be72485fa4cf6ddf9da3a8b6b4efd3f8e97f8",
        "version" : "1.1.2"
      }
    }
  ],
  "version" : 3
}
