{
  "object": {
    "pins": [
      {
        "package": "JIFView",
        "repositoryURL": "git@github.com:igorcferreira/JIFView.git",
        "state": {
          "branch": "master",
          "revision": "e68f1902344d9f502e54c72bb500432a4319e792",
          "version": null
        }
      }
    ]
  },
  "version": 1
}
