{
  "object": {
    "pins": [
      {
        "package": "JIFView",
        "repositoryURL": "git@github.com:igorcferreira/JIFView.git",
        "state": {
          "branch": "master",
          "revision": "a91a8e4fd8ceef54f0e8bb3bf9b1cb61bd2707f0",
          "version": null
        }
      }
    ]
  },
  "version": 1
}
