{
  "object": {
    "pins": [
      {
        "package": "JIFView",
        "repositoryURL": "git@github.com:igorcferreira/JIFView.git",
        "state": {
          "branch": "master",
          "revision": "bf8c400d90a50d58ac9ee991d427f13087890cb2",
          "version": null
        }
      }
    ]
  },
  "version": 1
}
